
Microsoft Visual Studio Solution File, Format Version 12.00
# Visual Studio 15
VisualStudioVersion = 15.0.28307.960
MinimumVisualStudioVersion = 10.0.40219.1
Project("{FAE04EC0-301F-11D3-BF4B-00C04F79EFBC}") = "SampleApp.Domain", "src\SampleApp.Domain\SampleApp.Domain.csproj", "{D3CD0DBA-EC7E-4D6E-BA5E-7F0CED17C489}"
EndProject
Global
	GlobalSection(SolutionConfigurationPlatforms) = preSolution
		Debug|Any CPU = Debug|Any CPU
		Release|Any CPU = Release|Any CPU
	EndGlobalSection
	GlobalSection(ProjectConfigurationPlatforms) = postSolution
		{D3CD0DBA-EC7E-4D6E-BA5E-7F0CED17C489}.Debug|Any CPU.ActiveCfg = Debug|Any CPU
		{D3CD0DBA-EC7E-4D6E-BA5E-7F0CED17C489}.Debug|Any CPU.Build.0 = Debug|Any CPU
		{D3CD0DBA-EC7E-4D6E-BA5E-7F0CED17C489}.Release|Any CPU.ActiveCfg = Release|Any CPU
		{D3CD0DBA-EC7E-4D6E-BA5E-7F0CED17C489}.Release|Any CPU.Build.0 = Release|Any CPU
	EndGlobalSection
	GlobalSection(SolutionProperties) = preSolution
		HideSolutionNode = FALSE
	EndGlobalSection
	GlobalSection(ExtensibilityGlobals) = postSolution
		SolutionGuid = {3012683C-EC9E-4E3E-85EF-5AEEB93EBF9E}
	EndGlobalSection
EndGlobal
